// !$*UTF8*$!
{
	archiveVersion = 1;
	classes = {
	};
	objectVersion = 56;
	objects = {

/* Begin PBXBuildFile section */
		CCCCCCCC0000000000B00001 /* AppDelegate.swift in Sources */ = {isa = PBXBuildFile; fileRef = CCCCCCCC0000000000F00002 /* AppDelegate.swift */; };
		CCCCCCCC0000000000B00002 /* SceneDelegate.swift in Sources */ = {isa = PBXBuildFile; fileRef = CCCCCCCC0000000000F00003 /* SceneDelegate.swift */; };
		CCCCCCCC0000000000B00003 /* SessionViewController.swift in Sources */ = {isa = PBXBuildFile; fileRef = CCCCCCCC0000000000F00005 /* SessionViewController.swift */; };
		CCCCCCCC0000000000B00004 /* SessionConfig.swift in Sources */ = {isa = PBXBuildFile; fileRef = CCCCCCCC0000000000F00006 /* SessionConfig.swift */; };
		CCCCCCCC0000000000B00005 /* SessionState.swift in Sources */ = {isa = PBXBuildFile; fileRef = CCCCCCCC0000000000F00007 /* SessionState.swift */; };
		CCCCCCCC0000000000B00006 /* AudioSessionManager.swift in Sources */ = {isa = PBXBuildFile; fileRef = CCCCCCCC0000000000F00008 /* AudioSessionManager.swift */; };
		CCCCCCCC0000000000B00007 /* BackendClient.swift in Sources */ = {isa = PBXBuildFile; fileRef = CCCCCCCC0000000000F00009 /* BackendClient.swift */; };
		CCCCCCCC0000000000B00008 /* LiveKitService.swift in Sources */ = {isa = PBXBuildFile; fileRef = CCCCCCCC0000000000F0000A /* LiveKitService.swift */; };
/* End PBXBuildFile section */

/* Begin PBXFileReference section */
		CCCCCCCC0000000000F00001 /* AITutor.app */ = {isa = PBXFileReference; explicitFileType = wrapper.application; includeInIndex = 0; path = AITutor.app; sourceTree = BUILT_PRODUCTS_DIR; };
		CCCCCCCC0000000000F00002 /* AppDelegate.swift */ = {isa = PBXFileReference; lastKnownFileType = sourcecode.swift; path = AppDelegate.swift; sourceTree = "<group>"; };
		CCCCCCCC0000000000F00003 /* SceneDelegate.swift */ = {isa = PBXFileReference; lastKnownFileType = sourcecode.swift; path = SceneDelegate.swift; sourceTree = "<group>"; };
		CCCCCCCC0000000000F00004 /* Info.plist */ = {isa = PBXFileReference; lastKnownFileType = text.plist.xml; path = Info.plist; sourceTree = "<group>"; };
		CCCCCCCC0000000000F00005 /* SessionViewController.swift */ = {isa = PBXFileReference; lastKnownFileType = sourcecode.swift; path = SessionViewController.swift; sourceTree = "<group>"; };
		CCCCCCCC0000000000F00006 /* SessionConfig.swift */ = {isa = PBXFileReference; lastKnownFileType = sourcecode.swift; path = SessionConfig.swift; sourceTree = "<group>"; };
		CCCCCCCC0000000000F00007 /* SessionState.swift */ = {isa = PBXFileReference; lastKnownFileType = sourcecode.swift; path = SessionState.swift; sourceTree = "<group>"; };
		CCCCCCCC0000000000F00008 /* AudioSessionManager.swift */ = {isa = PBXFileReference; lastKnownFileType = sourcecode.swift; path = AudioSessionManager.swift; sourceTree = "<group>"; };
		CCCCCCCC0000000000F00009 /* BackendClient.swift */ = {isa = PBXFileReference; lastKnownFileType = sourcecode.swift; path = BackendClient.swift; sourceTree = "<group>"; };
		CCCCCCCC0000000000F0000A /* LiveKitService.swift */ = {isa = PBXFileReference; lastKnownFileType = sourcecode.swift; path = LiveKitService.swift; sourceTree = "<group>"; };
/* End PBXFileReference section */

/* Begin PBXFrameworksBuildPhase section */
		CCCCCCCC000000000FE00001 /* Frameworks */ = {
			isa = PBXFrameworksBuildPhase;
			buildActionMask = 2147483647;
			files = (
			);
			runOnlyForDeploymentPostprocessing = 0;
		};
/* End PBXFrameworksBuildPhase section */

/* Begin PBXGroup section */
		CCCCCCCC000000000FE00002 /* MainGroup */ = {
			isa = PBXGroup;
			children = (
				CCCCCCCC000000000FE00004 /* AITutor */,
				CCCCCCCC000000000FE00003 /* Products */,
			);
			sourceTree = "<group>";
		};
		CCCCCCCC000000000FE00003 /* Products */ = {
			isa = PBXGroup;
			children = (
				CCCCCCCC0000000000F00001 /* AITutor.app */,
			);
			name = Products;
			sourceTree = "<group>";
		};
		CCCCCCCC000000000FE00004 /* AITutor */ = {
			isa = PBXGroup;
			children = (
				CCCCCCCC000000000FE00005 /* App */,
				CCCCCCCC000000000FE00006 /* Features */,
				CCCCCCCC000000000FE00008 /* Models */,
				CCCCCCCC000000000FE00009 /* Services */,
			);
			path = AITutor;
			sourceTree = "<group>";
		};
		CCCCCCCC000000000FE00005 /* App */ = {
			isa = PBXGroup;
			children = (
				CCCCCCCC0000000000F00002 /* AppDelegate.swift */,
				CCCCCCCC0000000000F00003 /* SceneDelegate.swift */,
				CCCCCCCC0000000000F00004 /* Info.plist */,
			);
			path = App;
			sourceTree = "<group>";
		};
		CCCCCCCC000000000FE00006 /* Features */ = {
			isa = PBXGroup;
			children = (
				CCCCCCCC000000000FE00007 /* Session */,
			);
			path = Features;
			sourceTree = "<group>";
		};
		CCCCCCCC000000000FE00007 /* Session */ = {
			isa = PBXGroup;
			children = (
				CCCCCCCC0000000000F00005 /* SessionViewController.swift */,
			);
			path = Session;
			sourceTree = "<group>";
		};
		CCCCCCCC000000000FE00008 /* Models */ = {
			isa = PBXGroup;
			children = (
				CCCCCCCC0000000000F00006 /* SessionConfig.swift */,
				CCCCCCCC0000000000F00007 /* SessionState.swift */,
			);
			path = Models;
			sourceTree = "<group>";
		};
		CCCCCCCC000000000FE00009 /* Services */ = {
			isa = PBXGroup;
			children = (
				CCCCCCCC000000000FE0000A /* Audio */,
				CCCCCCCC000000000FE0000B /* LiveKit */,
			);
			path = Services;
			sourceTree = "<group>";
		};
		CCCCCCCC000000000FE0000A /* Audio */ = {
			isa = PBXGroup;
			children = (
				CCCCCCCC0000000000F00008 /* AudioSessionManager.swift */,
			);
			path = Audio;
			sourceTree = "<group>";
		};
		CCCCCCCC000000000FE0000B /* LiveKit */ = {
			isa = PBXGroup;
			children = (
				CCCCCCCC0000000000F00009 /* BackendClient.swift */,
				CCCCCCCC0000000000F0000A /* LiveKitService.swift */,
			);
			path = LiveKit;
			sourceTree = "<group>";
		};
/* End PBXGroup section */

/* Begin PBXNativeTarget section */
		CCCCCCCC000000000FE0000C /* AITutor */ = {
			isa = PBXNativeTarget;
			buildConfigurationList = CCCCCCCC000000000FE00011 /* Build configuration list for PBXNativeTarget "AITutor" */;
			buildPhases = (
				CCCCCCCC000000000FE0000D /* Sources */,
				CCCCCCCC000000000FE00001 /* Frameworks */,
				CCCCCCCC000000000FE0000E /* Resources */,
			);
			buildRules = (
			);
			dependencies = (
			);
			name = AITutor;
			productName = AITutor;
			productReference = CCCCCCCC0000000000F00001 /* AITutor.app */;
			productType = "com.apple.product-type.application";
		};
/* End PBXNativeTarget section */

/* Begin PBXProject section */
		CCCCCCCC000000000FE0000F /* Project object */ = {
			isa = PBXProject;
			attributes = {
				BuildIndependentTargetsInParallel = 1;
				LastSwiftUpdateCheck = 1500;
				LastUpgradeCheck = 1500;
				TargetAttributes = {
					CCCCCCCC000000000FE0000C = {
						CreatedOnToolsVersion = 15.0;
					};
				};
			};
			buildConfigurationList = CCCCCCCC000000000FE00010 /* Build configuration list for PBXProject "AITutor" */;
			compatibilityVersion = "Xcode 14.0";
			developmentRegion = en;
			hasScannedForEncodings = 0;
			knownRegions = (
				en,
				Base,
			);
			mainGroup = CCCCCCCC000000000FE00002;
			productRefGroup = CCCCCCCC000000000FE00003 /* Products */;
			projectDirPath = "";
			projectRoot = "";
			targets = (
				CCCCCCCC000000000FE0000C /* AITutor */,
			);
		};
/* End PBXProject section */

/* Begin PBXResourcesBuildPhase section */
		CCCCCCCC000000000FE0000E /* Resources */ = {
			isa = PBXResourcesBuildPhase;
			buildActionMask = 2147483647;
			files = (
			);
			runOnlyForDeploymentPostprocessing = 0;
		};
/* End PBXResourcesBuildPhase section */

/* Begin PBXSourcesBuildPhase section */
		CCCCCCCC000000000FE0000D /* Sources */ = {
			isa = PBXSourcesBuildPhase;
			buildActionMask = 2147483647;
			files = (
				CCCCCCCC0000000000B00001 /* AppDelegate.swift in Sources */,
				CCCCCCCC0000000000B00002 /* SceneDelegate.swift in Sources */,
				CCCCCCCC0000000000B00003 /* SessionViewController.swift in Sources */,
				CCCCCCCC0000000000B00004 /* SessionConfig.swift in Sources */,
				CCCCCCCC0000000000B00005 /* SessionState.swift in Sources */,
				CCCCCCCC0000000000B00006 /* AudioSessionManager.swift in Sources */,
				CCCCCCCC0000000000B00007 /* BackendClient.swift in Sources */,
				CCCCCCCC0000000000B00008 /* LiveKitService.swift in Sources */,
			);
			runOnlyForDeploymentPostprocessing = 0;
		};
/* End PBXSourcesBuildPhase section */

/* Begin XCBuildConfiguration section */
		CCCCCCCC000000000FE00012 /* Debug */ = {
			isa = XCBuildConfiguration;
			buildSettings = {
				ALWAYS_SEARCH_USER_PATHS = NO;
				CLANG_ANALYZER_NONNULL = YES;
				CLANG_ANALYZER_NUMBER_OBJECT_CONVERSION = YES_AGGRESSIVE;
				CLANG_CXX_LANGUAGE_STANDARD = "gnu++20";
				CLANG_ENABLE_MODULES = YES;
				CLANG_ENABLE_OBJC_ARC = YES;
				CLANG_ENABLE_OBJC_WEAK = YES;
				CLANG_WARN_BOOL_CONVERSION = YES;
				CLANG_WARN_CONSTANT_CONVERSION = YES;
				CLANG_WARN_DEPRECATED_OBJC_IMPLEMENTATIONS = YES;
				CLANG_WARN_DIRECT_OBJC_ISA_USAGE = YES_ERROR;
				CLANG_WARN_EMPTY_BODY = YES;
				CLANG_WARN_ENUM_CONVERSION = YES;
				CLANG_WARN_INFINITE_RECURSION = YES;
				CLANG_WARN_INT_CONVERSION = YES;
				CLANG_WARN_NON_LITERAL_NULL_CONVERSION = YES;
				CLANG_WARN_OBJC_IMPLICIT_RETAIN_CYCLE = YES;
				CLANG_WARN_OBJC_LITERAL_CONVERSION = YES;
				CLANG_WARN_OBJC_ROOT_CLASS = YES_ERROR;
				CLANG_WARN_RANGE_LOOP_ANALYSIS = YES;
				CLANG_WARN_STRICT_PROTOTYPES = YES;
				CLANG_WARN_SUSPICIOUS_MOVE = YES;
				CLANG_WARN_UNGUARDED_AVAILABILITY = YES_AGGRESSIVE;
				CLANG_WARN_UNREACHABLE_CODE = YES;
				CLANG_WARN__DUPLICATE_METHOD_MATCH = YES;
				COPY_PHASE_STRIP = NO;
				DEBUG_INFORMATION_FORMAT = dwarf;
				ENABLE_STRICT_OBJC_MSGSEND = YES;
				ENABLE_TESTABILITY = YES;
				GCC_C_LANGUAGE_STANDARD = gnu17;
				GCC_DYNAMIC_NO_PIC = NO;
				GCC_NO_COMMON_BLOCKS = YES;
				GCC_OPTIMIZATION_LEVEL = 0;
				GCC_PREPROCESSOR_DEFINITIONS = (
					"DEBUG=1",
					"$(inherited)",
				);
				GCC_WARN_64_TO_32_BIT_CONVERSION = YES;
				GCC_WARN_ABOUT_RETURN_TYPE = YES_ERROR;
				GCC_WARN_UNDECLARED_SELECTOR = YES;
				GCC_WARN_UNINITIALIZED_AUTOS = YES_AGGRESSIVE;
				GCC_WARN_UNUSED_FUNCTION = YES;
				GCC_WARN_UNUSED_VARIABLE = YES;
				IPHONEOS_DEPLOYMENT_TARGET = 16.0;
				MTL_ENABLE_DEBUG_INFO = INCLUDE_SOURCE;
				MTL_FAST_MATH = YES;
				ONLY_ACTIVE_ARCH = YES;
				SDKROOT = iphoneos;
				SWIFT_ACTIVE_COMPILATION_CONDITIONS = DEBUG;
				SWIFT_OPTIMIZATION_LEVEL = "-Onone";
			};
			name = Debug;
		};
		CCCCCCCC000000000FE00013 /* Release */ = {
			isa = XCBuildConfiguration;
			buildSettings = {
				ALWAYS_SEARCH_USER_PATHS = NO;
				CLANG_ANALYZER_NONNULL = YES;
				CLANG_ANALYZER_NUMBER_OBJECT_CONVERSION = YES_AGGRESSIVE;
				CLANG_CXX_LANGUAGE_STANDARD = "gnu++20";
				CLANG_ENABLE_MODULES = YES;
				CLANG_ENABLE_OBJC_ARC = YES;
				CLANG_ENABLE_OBJC_WEAK = YES;
				CLANG_WARN_BOOL_CONVERSION = YES;
				CLANG_WARN_CONSTANT_CONVERSION = YES;
				CLANG_WARN_DEPRECATED_OBJC_IMPLEMENTATIONS = YES;
				CLANG_WARN_DIRECT_OBJC_ISA_USAGE = YES_ERROR;
				CLANG_WARN_EMPTY_BODY = YES;
				CLANG_WARN_ENUM_CONVERSION = YES;
				CLANG_WARN_INFINITE_RECURSION = YES;
				CLANG_WARN_INT_CONVERSION = YES;
				CLANG_WARN_NON_LITERAL_NULL_CONVERSION = YES;
				CLANG_WARN_OBJC_IMPLICIT_RETAIN_CYCLE = YES;
				CLANG_WARN_OBJC_LITERAL_CONVERSION = YES;
				CLANG_WARN_OBJC_ROOT_CLASS = YES_ERROR;
				CLANG_WARN_RANGE_LOOP_ANALYSIS = YES;
				CLANG_WARN_STRICT_PROTOTYPES = YES;
				CLANG_WARN_SUSPICIOUS_MOVE = YES;
				CLANG_WARN_UNGUARDED_AVAILABILITY = YES_AGGRESSIVE;
				CLANG_WARN_UNREACHABLE_CODE = YES;
				CLANG_WARN__DUPLICATE_METHOD_MATCH = YES;
				COPY_PHASE_STRIP = NO;
				DEBUG_INFORMATION_FORMAT = "dwarf-with-dsym";
				ENABLE_NS_ASSERTIONS = NO;
				ENABLE_STRICT_OBJC_MSGSEND = YES;
				GCC_C_LANGUAGE_STANDARD = gnu17;
				GCC_NO_COMMON_BLOCKS = YES;
				GCC_WARN_64_TO_32_BIT_CONVERSION = YES;
				GCC_WARN_ABOUT_RETURN_TYPE = YES_ERROR;
				GCC_WARN_UNDECLARED_SELECTOR = YES;
				GCC_WARN_UNINITIALIZED_AUTOS = YES_AGGRESSIVE;
				GCC_WARN_UNUSED_FUNCTION = YES;
				GCC_WARN_UNUSED_VARIABLE = YES;
				IPHONEOS_DEPLOYMENT_TARGET = 16.0;
				MTL_FAST_MATH = YES;
				SDKROOT = iphoneos;
				SWIFT_COMPILATION_MODE = wholemodule;
				SWIFT_OPTIMIZATION_LEVEL = "-O";
				VALIDATE_PRODUCT = YES;
			};
			name = Release;
		};
		CCCCCCCC000000000FE00014 /* Debug */ = {
			isa = XCBuildConfiguration;
			buildSettings = {
				CODE_SIGN_STYLE = Automatic;
				CURRENT_PROJECT_VERSION = 1;
				DEVELOPMENT_TEAM = "";
				GENERATE_INFOPLIST_FILE = NO;
				INFOPLIST_FILE = AITutor/App/Info.plist;
				LD_RUNPATH_SEARCH_PATHS = (
					"$(inherited)",
					"@executable_path/Frameworks",
				);
				MARKETING_VERSION = 1.0;
				PRODUCT_BUNDLE_IDENTIFIER = "com.sansan.AITutor";
				PRODUCT_NAME = "$(TARGET_NAME)";
				SWIFT_EMIT_LOC_STRINGS = YES;
				SWIFT_VERSION = 5.0;
				TARGETED_DEVICE_FAMILY = "1,2";
			};
			name = Debug;
		};
		CCCCCCCC000000000FE00015 /* Release */ = {
			isa = XCBuildConfiguration;
			buildSettings = {
				CODE_SIGN_STYLE = Automatic;
				CURRENT_PROJECT_VERSION = 1;
				DEVELOPMENT_TEAM = "";
				GENERATE_INFOPLIST_FILE = NO;
				INFOPLIST_FILE = AITutor/App/Info.plist;
				LD_RUNPATH_SEARCH_PATHS = (
					"$(inherited)",
					"@executable_path/Frameworks",
				);
				MARKETING_VERSION = 1.0;
				PRODUCT_BUNDLE_IDENTIFIER = "com.sansan.AITutor";
				PRODUCT_NAME = "$(TARGET_NAME)";
				SWIFT_EMIT_LOC_STRINGS = YES;
				SWIFT_VERSION = 5.0;
				TARGETED_DEVICE_FAMILY = "1,2";
			};
			name = Release;
		};
/* End XCBuildConfiguration section */

/* Begin XCConfigurationList section */
		CCCCCCCC000000000FE00010 /* Build configuration list for PBXProject "AITutor" */ = {
			isa = XCConfigurationList;
			buildConfigurations = (
				CCCCCCCC000000000FE00012 /* Debug */,
				CCCCCCCC000000000FE00013 /* Release */,
			);
			defaultConfigurationIsVisible = 0;
			defaultConfigurationName = Release;
		};
		CCCCCCCC000000000FE00011 /* Build configuration list for PBXNativeTarget "AITutor" */ = {
			isa = XCConfigurationList;
			buildConfigurations = (
				CCCCCCCC000000000FE00014 /* Debug */,
				CCCCCCCC000000000FE00015 /* Release */,
			);
			defaultConfigurationIsVisible = 0;
			defaultConfigurationName = Release;
		};
/* End XCConfigurationList section */
	};
	rootObject = CCCCCCCC000000000FE0000F /* Project object */;
}
